
Microsoft Visual Studio Solution File, Format Version 12.00
# Visual Studio 15
VisualStudioVersion = 15.0.26430.14
MinimumVisualStudioVersion = 10.0.40219.1
Project("{FAE04EC0-301F-11D3-BF4B-00C04F79EFBC}") = "CodingConnected.TLCProF", "CodingConnected.TLCProF\CodingConnected.TLCProF.csproj", "{928BA3CC-B904-459A-9B7C-5DD0622F7A3C}"
EndProject
Project("{FAE04EC0-301F-11D3-BF4B-00C04F79EFBC}") = "CodingConnected.TLCProF.BmpUI", "CodingConnected.TLCProF.BmpUI\CodingConnected.TLCProF.BmpUI.csproj", "{AEF98F14-DA81-49E6-86A8-43F7E568957C}"
EndProject
Project("{FAE04EC0-301F-11D3-BF4B-00C04F79EFBC}") = "CodingConnected.TLCProF.Sim", "CodingConnected.TLCProF.Sim\CodingConnected.TLCProF.Sim.csproj", "{F4897FAB-AB46-4620-9661-C86B074CFA4A}"
EndProject
Project("{2150E333-8FDC-42A3-9474-1A3956D46DE8}") = ".paket", ".paket", "{1D8FF122-5548-4F94-BE70-2816519D10B0}"
	ProjectSection(SolutionItems) = preProject
		paket.dependencies = paket.dependencies
	EndProjectSection
EndProject
Project("{FAE04EC0-301F-11D3-BF4B-00C04F79EFBC}") = "CodingConnected.TLCProF.ExampleController", "CodingConnected.TLCProF.ExampleController\CodingConnected.TLCProF.ExampleController.csproj", "{5554B95F-2767-47A4-AE33-D29476F0F9AB}"
EndProject
Project("{2150E333-8FDC-42A3-9474-1A3956D46DE8}") = "Solution Items", "Solution Items", "{2C3A0D57-B29B-4E0B-912C-D2CCAC4CBF1B}"
	ProjectSection(SolutionItems) = preProject
		LICENSE.md = LICENSE.md
		README.md = README.md
	EndProjectSection
EndProject
Project("{FAE04EC0-301F-11D3-BF4B-00C04F79EFBC}") = "CodingConnected.TLCProF.TLCGenGen", "CodingConnected.TLCProF.TLCGenGen\CodingConnected.TLCProF.TLCGenGen.csproj", "{E6D75FEB-CD97-4043-9152-349E4FC095C2}"
EndProject
Project("{FAE04EC0-301F-11D3-BF4B-00C04F79EFBC}") = "CodingConnected.TLCProF.Testing", "CodingConnected.TLCProF.Testing\CodingConnected.TLCProF.Testing.csproj", "{AA5A50E9-5E60-4617-89AF-3C9643B39902}"
EndProject
Global
	GlobalSection(SolutionConfigurationPlatforms) = preSolution
		Debug|Any CPU = Debug|Any CPU
		Release|Any CPU = Release|Any CPU
	EndGlobalSection
	GlobalSection(ProjectConfigurationPlatforms) = postSolution
		{928BA3CC-B904-459A-9B7C-5DD0622F7A3C}.Debug|Any CPU.ActiveCfg = Debug|Any CPU
		{928BA3CC-B904-459A-9B7C-5DD0622F7A3C}.Debug|Any CPU.Build.0 = Debug|Any CPU
		{928BA3CC-B904-459A-9B7C-5DD0622F7A3C}.Release|Any CPU.ActiveCfg = Release|Any CPU
		{928BA3CC-B904-459A-9B7C-5DD0622F7A3C}.Release|Any CPU.Build.0 = Release|Any CPU
		{AEF98F14-DA81-49E6-86A8-43F7E568957C}.Debug|Any CPU.ActiveCfg = Debug|Any CPU
		{AEF98F14-DA81-49E6-86A8-43F7E568957C}.Debug|Any CPU.Build.0 = Debug|Any CPU
		{AEF98F14-DA81-49E6-86A8-43F7E568957C}.Release|Any CPU.ActiveCfg = Release|Any CPU
		{AEF98F14-DA81-49E6-86A8-43F7E568957C}.Release|Any CPU.Build.0 = Release|Any CPU
		{F4897FAB-AB46-4620-9661-C86B074CFA4A}.Debug|Any CPU.ActiveCfg = Debug|Any CPU
		{F4897FAB-AB46-4620-9661-C86B074CFA4A}.Debug|Any CPU.Build.0 = Debug|Any CPU
		{F4897FAB-AB46-4620-9661-C86B074CFA4A}.Release|Any CPU.ActiveCfg = Release|Any CPU
		{F4897FAB-AB46-4620-9661-C86B074CFA4A}.Release|Any CPU.Build.0 = Release|Any CPU
		{5554B95F-2767-47A4-AE33-D29476F0F9AB}.Debug|Any CPU.ActiveCfg = Debug|Any CPU
		{5554B95F-2767-47A4-AE33-D29476F0F9AB}.Debug|Any CPU.Build.0 = Debug|Any CPU
		{5554B95F-2767-47A4-AE33-D29476F0F9AB}.Release|Any CPU.ActiveCfg = Release|Any CPU
		{5554B95F-2767-47A4-AE33-D29476F0F9AB}.Release|Any CPU.Build.0 = Release|Any CPU
		{E6D75FEB-CD97-4043-9152-349E4FC095C2}.Debug|Any CPU.ActiveCfg = Debug|Any CPU
		{E6D75FEB-CD97-4043-9152-349E4FC095C2}.Debug|Any CPU.Build.0 = Debug|Any CPU
		{E6D75FEB-CD97-4043-9152-349E4FC095C2}.Release|Any CPU.ActiveCfg = Release|Any CPU
		{E6D75FEB-CD97-4043-9152-349E4FC095C2}.Release|Any CPU.Build.0 = Release|Any CPU
		{AA5A50E9-5E60-4617-89AF-3C9643B39902}.Debug|Any CPU.ActiveCfg = Debug|Any CPU
		{AA5A50E9-5E60-4617-89AF-3C9643B39902}.Debug|Any CPU.Build.0 = Debug|Any CPU
		{AA5A50E9-5E60-4617-89AF-3C9643B39902}.Release|Any CPU.ActiveCfg = Release|Any CPU
		{AA5A50E9-5E60-4617-89AF-3C9643B39902}.Release|Any CPU.Build.0 = Release|Any CPU
	EndGlobalSection
	GlobalSection(SolutionProperties) = preSolution
		HideSolutionNode = FALSE
	EndGlobalSection
EndGlobal
